{
    "_readme": [
        "This file locks the dependencies of your project to a known state",
        "Read more about it at https://getcomposer.org/doc/01-basic-usage.md#composer-lock-the-lock-file",
        "This file is @generated automatically"
    ],
    "content-hash": "0729d58e4b6917d73cd93416172c1da5",
    "packages": [
        {
            "name": "chuchunaku/ckeditor-basewidget",
            "version": "dev-master",
            "source": {
                "type": "git",
                "url": "https://github.com/ChuChuNaKu/ckeditor-basewidget.git",
                "reference": "86aeb2ef0cf9ec645f884f5753f69cdcf48bf25d"
            },
            "dist": {
                "type": "zip",
                "url": "http://download.ckeditor.com/basewidget/releases/basewidget_1.0.0.zip",
                "reference": "86aeb2ef0cf9ec645f884f5753f69cdcf48bf25d",
                "shasum": null
            },
            "require": {
                "php": "^5.3.3 || ^7.0"
            },
            "type": "drupal-library",
            "notification-url": "https://packagist.org/downloads/",
            "description": "A plugin for ckeditor",
            "time": "2017-03-30 19:59:43"
        },
        {
            "name": "chuchunaku/ckeditor-layoutmanager",
            "version": "dev-master",
            "source": {
                "type": "git",
                "url": "https://github.com/ChuChuNaKu/ckeditor-layoutmanager.git",
                "reference": "7e53c9a1be1d415f7658c986c633fbffd5c6d06a"
            },
            "dist": {
                "type": "git",
                "url": "https://github.com/radpet/ckeditor-layoutmanager.git",
                "reference": "7e53c9a1be1d415f7658c986c633fbffd5c6d06a",
                "shasum": null
            },
            "require": {
                "chuchunaku/ckeditor-basewidget": "dev-master"
            },
            "type": "drupal-library",
            "notification-url": "https://packagist.org/downloads/",
            "description": "A plugin for ckeditor",
            "time": "2017-06-11 19:17:54"
        },
        {
            "name": "composer/installers",
            "version": "v1.3.0",
            "source": {
                "type": "git",
                "url": "https://github.com/composer/installers.git",
                "reference": "79ad876c7498c0bbfe7eed065b8651c93bfd6045"
            },
            "dist": {
                "type": "zip",
                "url": "https://api.github.com/repos/composer/installers/zipball/79ad876c7498c0bbfe7eed065b8651c93bfd6045",
                "reference": "79ad876c7498c0bbfe7eed065b8651c93bfd6045",
                "shasum": ""
            },
            "require": {
                "composer-plugin-api": "^1.0"
            },
            "replace": {
                "roundcube/plugin-installer": "*",
                "shama/baton": "*"
            },
            "require-dev": {
                "composer/composer": "1.0.*@dev",
                "phpunit/phpunit": "4.1.*"
            },
            "type": "composer-plugin",
            "extra": {
                "class": "Composer\\Installers\\Plugin",
                "branch-alias": {
                    "dev-master": "1.0-dev"
                }
            },
            "autoload": {
                "psr-4": {
                    "Composer\\Installers\\": "src/Composer/Installers"
                }
            },
            "notification-url": "https://packagist.org/downloads/",
            "license": [
                "MIT"
            ],
            "authors": [
                {
                    "name": "Kyle Robinson Young",
                    "email": "kyle@dontkry.com",
                    "homepage": "https://github.com/shama"
                }
            ],
            "description": "A multi-framework Composer library installer",
            "homepage": "https://composer.github.io/installers/",
            "keywords": [
                "Craft",
                "Dolibarr",
                "Eliasis",
                "Hurad",
                "ImageCMS",
                "Kanboard",
                "MODX Evo",
                "Mautic",
                "Maya",
                "OXID",
                "Plentymarkets",
                "Porto",
                "RadPHP",
                "SMF",
                "Thelia",
                "WolfCMS",
                "agl",
                "aimeos",
                "annotatecms",
                "attogram",
                "bitrix",
                "cakephp",
                "chef",
                "cockpit",
                "codeigniter",
                "concrete5",
                "croogo",
                "dokuwiki",
                "drupal",
                "elgg",
                "expressionengine",
                "fuelphp",
                "grav",
                "installer",
                "itop",
                "joomla",
                "kohana",
                "laravel",
                "lavalite",
                "lithium",
                "magento",
                "mako",
                "mediawiki",
                "modulework",
                "moodle",
                "phpbb",
                "piwik",
                "ppi",
                "puppet",
                "reindex",
                "roundcube",
                "shopware",
                "silverstripe",
                "sydes",
                "symfony",
                "typo3",
                "wordpress",
                "yawik",
                "zend",
                "zikula"
            ],
            "time": "2017-04-24T06:37:16+00:00"
        }
    ],
    "packages-dev": [],
    "aliases": [],
    "minimum-stability": "dev",
    "stability-flags": {
        "chuchunaku/ckeditor-layoutmanager": 20
    },
    "prefer-stable": false,
    "prefer-lowest": false,
    "platform": [],
    "platform-dev": []
}
